
Microsoft Visual Studio Solution File, Format Version 12.00
# Visual Studio Version 17
VisualStudioVersion = 17.0.32014.148
MinimumVisualStudioVersion = 10.0.40219.1
Project("{8BC9CEB8-8B4A-11D0-8D11-00A0C91BC942}") = "28", "28.vcxproj", "{A826ECD4-0E07-4BC5-87E3-94D9EECDB162}"
EndProject
Global
	GlobalSection(SolutionConfigurationPlatforms) = preSolution
		Debug|x64 = Debug|x64
		Debug|x86 = Debug|x86
		Release|x64 = Release|x64
		Release|x86 = Release|x86
	EndGlobalSection
	GlobalSection(ProjectConfigurationPlatforms) = postSolution
		{A826ECD4-0E07-4BC5-87E3-94D9EECDB162}.Debug|x64.ActiveCfg = Debug|x64
		{A826ECD4-0E07-4BC5-87E3-94D9EECDB162}.Debug|x64.Build.0 = Debug|x64
		{A826ECD4-0E07-4BC5-87E3-94D9EECDB162}.Debug|x86.ActiveCfg = Debug|Win32
		{A826ECD4-0E07-4BC5-87E3-94D9EECDB162}.Debug|x86.Build.0 = Debug|Win32
		{A826ECD4-0E07-4BC5-87E3-94D9EECDB162}.Release|x64.ActiveCfg = Release|x64
		{A826ECD4-0E07-4BC5-87E3-94D9EECDB162}.Release|x64.Build.0 = Release|x64
		{A826ECD4-0E07-4BC5-87E3-94D9EECDB162}.Release|x86.ActiveCfg = Release|Win32
		{A826ECD4-0E07-4BC5-87E3-94D9EECDB162}.Release|x86.Build.0 = Release|Win32
	EndGlobalSection
	GlobalSection(SolutionProperties) = preSolution
		HideSolutionNode = FALSE
	EndGlobalSection
	GlobalSection(ExtensibilityGlobals) = postSolution
		SolutionGuid = {CC6C8D7D-CC7D-4AAE-8B63-309C504C225C}
	EndGlobalSection
EndGlobal
