
Microsoft Visual Studio Solution File, Format Version 12.00
# Visual Studio Version 17
VisualStudioVersion = 17.0.32014.148
MinimumVisualStudioVersion = 10.0.40219.1
Project("{8BC9CEB8-8B4A-11D0-8D11-00A0C91BC942}") = "33", "33.vcxproj", "{7847F7F9-8857-460A-BBE3-71B643C1AC76}"
EndProject
Global
	GlobalSection(SolutionConfigurationPlatforms) = preSolution
		Debug|x64 = Debug|x64
		Debug|x86 = Debug|x86
		Release|x64 = Release|x64
		Release|x86 = Release|x86
	EndGlobalSection
	GlobalSection(ProjectConfigurationPlatforms) = postSolution
		{7847F7F9-8857-460A-BBE3-71B643C1AC76}.Debug|x64.ActiveCfg = Debug|x64
		{7847F7F9-8857-460A-BBE3-71B643C1AC76}.Debug|x64.Build.0 = Debug|x64
		{7847F7F9-8857-460A-BBE3-71B643C1AC76}.Debug|x86.ActiveCfg = Debug|Win32
		{7847F7F9-8857-460A-BBE3-71B643C1AC76}.Debug|x86.Build.0 = Debug|Win32
		{7847F7F9-8857-460A-BBE3-71B643C1AC76}.Release|x64.ActiveCfg = Release|x64
		{7847F7F9-8857-460A-BBE3-71B643C1AC76}.Release|x64.Build.0 = Release|x64
		{7847F7F9-8857-460A-BBE3-71B643C1AC76}.Release|x86.ActiveCfg = Release|Win32
		{7847F7F9-8857-460A-BBE3-71B643C1AC76}.Release|x86.Build.0 = Release|Win32
	EndGlobalSection
	GlobalSection(SolutionProperties) = preSolution
		HideSolutionNode = FALSE
	EndGlobalSection
	GlobalSection(ExtensibilityGlobals) = postSolution
		SolutionGuid = {5A610C6E-FC33-4DBE-BDC3-9B268B0F5AC5}
	EndGlobalSection
EndGlobal
